
Microsoft Visual Studio Solution File, Format Version 12.00
# Visual Studio 15
VisualStudioVersion = 15.0.28307.329
MinimumVisualStudioVersion = 10.0.40219.1
Project("{9A19103F-16F7-4668-BE54-9A1E7A4F7556}") = "worker", "worker.csproj", "{1E3103E9-53BB-49B9-A669-1270FF4D42CA}"
EndProject
Project("{9A19103F-16F7-4668-BE54-9A1E7A4F7556}") = "Wings", "..\master\Wings.csproj", "{3B2BCEE9-72FB-485B-9B13-CEF3AA3EEA7F}"
EndProject
Global
	GlobalSection(SolutionConfigurationPlatforms) = preSolution
		Debug|Any CPU = Debug|Any CPU
		Release|Any CPU = Release|Any CPU
	EndGlobalSection
	GlobalSection(ProjectConfigurationPlatforms) = postSolution
		{1E3103E9-53BB-49B9-A669-1270FF4D42CA}.Debug|Any CPU.ActiveCfg = Debug|Any CPU
		{1E3103E9-53BB-49B9-A669-1270FF4D42CA}.Debug|Any CPU.Build.0 = Debug|Any CPU
		{1E3103E9-53BB-49B9-A669-1270FF4D42CA}.Release|Any CPU.ActiveCfg = Release|Any CPU
		{1E3103E9-53BB-49B9-A669-1270FF4D42CA}.Release|Any CPU.Build.0 = Release|Any CPU
		{3B2BCEE9-72FB-485B-9B13-CEF3AA3EEA7F}.Debug|Any CPU.ActiveCfg = Debug|Any CPU
		{3B2BCEE9-72FB-485B-9B13-CEF3AA3EEA7F}.Debug|Any CPU.Build.0 = Debug|Any CPU
		{3B2BCEE9-72FB-485B-9B13-CEF3AA3EEA7F}.Release|Any CPU.ActiveCfg = Release|Any CPU
		{3B2BCEE9-72FB-485B-9B13-CEF3AA3EEA7F}.Release|Any CPU.Build.0 = Release|Any CPU
	EndGlobalSection
	GlobalSection(SolutionProperties) = preSolution
		HideSolutionNode = FALSE
	EndGlobalSection
	GlobalSection(ExtensibilityGlobals) = postSolution
		SolutionGuid = {4A0A88F8-48D8-4629-AB60-B64894FF1AAC}
	EndGlobalSection
EndGlobal
